{
  "requires": true,
  "lockfileVersion": 1,
  "dependencies": {
    "cross-fetch": {
      "version": "2.1.0",
      "resolved": "https://registry.npmjs.org/cross-fetch/-/cross-fetch-2.1.0.tgz",
      "integrity": "sha512-FTIt2WK44RiafWQ62xIvd+oBoVd392abh1lF872trLlA74JCR1s4oTHlixwoIKy44ehn8WbQ0Ds2P16sw7ZQxg==",
      "requires": {
        "node-fetch": "2.1.1",
        "whatwg-fetch": "2.0.3"
      }
    },
    "node-fetch": {
      "version": "2.1.1",
      "resolved": "https://registry.npmjs.org/node-fetch/-/node-fetch-2.1.1.tgz",
      "integrity": "sha1-NpynC4L1DIZJYQSmx3bSdPTkotQ="
    },
    "whatwg-fetch": {
      "version": "2.0.3",
      "resolved": "https://registry.npmjs.org/whatwg-fetch/-/whatwg-fetch-2.0.3.tgz",
      "integrity": "sha1-nITsLc9oGH/wC8ZOEnS0QhduHIQ="
    }
  }
}
